<?xml version="1.0"?>
<plist version="1.0">
	<dict>
		<key>archiveVersion</key>
		<string>1</string>
		<key>classes</key>
		<dict />
		<key>objectVersion</key>
		<string>46</string>
		<key>objects</key>
		<dict>
			<key>A8E68B9149CA920F45C4CE8B</key>
			<dict>
				<key>explicitFileType</key>
				<string>sourcecode.c.h</string>
				<key>fileEncoding</key>
				<string>30</string>
				<key>isa</key>
				<string>PBXFileReference</string>
				<key>name</key>
				<string>ofxTwitterConnector.h</string>
				<key>path</key>
				<string>../../../addons/ofxTwitterStream/src/ofxTwitterConnector.h</string>
				<key>sourceTree</key>
				<string>SOURCE_ROOT</string>
			</dict>
			<key>A1CA333EC9B57BAD04E7AAA8</key>
			<dict>
				<key>fileRef</key>
				<string>F5F3537D208CA20424832833</string>
				<key>isa</key>
				<string>PBXBuildFile</string>
			</dict>
			<key>F5F3537D208CA20424832833</key>
			<dict>
				<key>explicitFileType</key>
				<string>sourcecode.cpp.cpp</string>
				<key>fileEncoding</key>
				<string>30</string>
				<key>isa</key>
				<string>PBXFileReference</string>
				<key>name</key>
				<string>ofxTwitterConnector.cpp</string>
				<key>path</key>
				<string>../../../addons/ofxTwitterStream/src/ofxTwitterConnector.cpp</string>
				<key>sourceTree</key>
				<string>SOURCE_ROOT</string>
			</dict>
			<key>37E4AC738D2962D82833ED9C</key>
			<dict>
				<key>explicitFileType</key>
				<string>sourcecode.c.h</string>
				<key>fileEncoding</key>
				<string>30</string>
				<key>isa</key>
				<string>PBXFileReference</string>
				<key>name</key>
				<string>ofxTwitter.h</string>
				<key>path</key>
				<string>../../../addons/ofxTwitterStream/src/ofxTwitter.h</string>
				<key>sourceTree</key>
				<string>SOURCE_ROOT</string>
			</dict>
			<key>7030494B76D160C836E0B370</key>
			<dict>
				<key>fileRef</key>
				<string>C4FADA84AB3877E337B3285D</string>
				<key>isa</key>
				<string>PBXBuildFile</string>
			</dict>
			<key>C4FADA84AB3877E337B3285D</key>
			<dict>
				<key>explicitFileType</key>
				<string>sourcecode.cpp.cpp</string>
				<key>fileEncoding</key>
				<string>30</string>
				<key>isa</key>
				<string>PBXFileReference</string>
				<key>name</key>
				<string>ofxTwitter.cpp</string>
				<key>path</key>
				<string>../../../addons/ofxTwitterStream/src/ofxTwitter.cpp</string>
				<key>sourceTree</key>
				<string>SOURCE_ROOT</string>
			</dict>
			<key>8C27BC0C45E31912F71F3429</key>
			<dict>
				<key>explicitFileType</key>
				<string>sourcecode.c.h</string>
				<key>fileEncoding</key>
				<string>30</string>
				<key>isa</key>
				<string>PBXFileReference</string>
				<key>name</key>
				<string>ofxTweet.h</string>
				<key>path</key>
				<string>../../../addons/ofxTwitterStream/src/ofxTweet.h</string>
				<key>sourceTree</key>
				<string>SOURCE_ROOT</string>
			</dict>
			<key>DEF86F858FD2B8725546256A</key>
			<dict>
				<key>fileRef</key>
				<string>AFD9C056248A50C640EBEDDD</string>
				<key>isa</key>
				<string>PBXBuildFile</string>
			</dict>
			<key>AFD9C056248A50C640EBEDDD</key>
			<dict>
				<key>explicitFileType</key>
				<string>sourcecode.cpp.cpp</string>
				<key>fileEncoding</key>
				<string>30</string>
				<key>isa</key>
				<string>PBXFileReference</string>
				<key>name</key>
				<string>ofxTweet.cpp</string>
				<key>path</key>
				<string>../../../addons/ofxTwitterStream/src/ofxTweet.cpp</string>
				<key>sourceTree</key>
				<string>SOURCE_ROOT</string>
			</dict>
			<key>7E6937BA52864C6EA3D96838</key>
			<dict>
				<key>explicitFileType</key>
				<string>sourcecode.c.h</string>
				<key>fileEncoding</key>
				<string>30</string>
				<key>isa</key>
				<string>PBXFileReference</string>
				<key>name</key>
				<string>modp_b64_data.h</string>
				<key>path</key>
				<string>../../../addons/ofxTwitterStream/src/lib/stringencoders/modp_b64_data.h</string>
				<key>sourceTree</key>
				<string>SOURCE_ROOT</string>
			</dict>
			<key>A57D20FD0FEB78F4A94103B2</key>
			<dict>
				<key>explicitFileType</key>
				<string>sourcecode.c.h</string>
				<key>fileEncoding</key>
				<string>30</string>
				<key>isa</key>
				<string>PBXFileReference</string>
				<key>name</key>
				<string>modp_b64.h</string>
				<key>path</key>
				<string>../../../addons/ofxTwitterStream/src/lib/stringencoders/modp_b64.h</string>
				<key>sourceTree</key>
				<string>SOURCE_ROOT</string>
			</dict>
			<key>10B154B11B41E53E73FFCABC</key>
			<dict>
				<key>children</key>
				<array>
					<string>04982B676FC9675DA425F34D</string>
					<string>A57D20FD0FEB78F4A94103B2</string>
					<string>7E6937BA52864C6EA3D96838</string>
				</array>
				<key>isa</key>
				<string>PBXGroup</string>
				<key>name</key>
				<string>stringencoders</string>
				<key>sourceTree</key>
				<string>&lt;group&gt;</string>
			</dict>
			<key>34A4827FAE310C709607B1A5</key>
			<dict>
				<key>fileRef</key>
				<string>04982B676FC9675DA425F34D</string>
				<key>isa</key>
				<string>PBXBuildFile</string>
			</dict>
			<key>04982B676FC9675DA425F34D</key>
			<dict>
				<key>explicitFileType</key>
				<string>sourcecode.c.c</string>
				<key>fileEncoding</key>
				<string>30</string>
				<key>isa</key>
				<string>PBXFileReference</string>
				<key>name</key>
				<string>modp_b64.c</string>
				<key>path</key>
				<string>../../../addons/ofxTwitterStream/src/lib/stringencoders/modp_b64.c</string>
				<key>sourceTree</key>
				<string>SOURCE_ROOT</string>
			</dict>
			<key>48DBB21BFBF6501464FD8AEF</key>
			<dict>
				<key>fileRef</key>
				<string>0CFC9D123194CC56E713224F</string>
				<key>isa</key>
				<string>PBXBuildFile</string>
			</dict>
			<key>0CFC9D123194CC56E713224F</key>
			<dict>
				<key>explicitFileType</key>
				<string>sourcecode.c.c</string>
				<key>fileEncoding</key>
				<string>30</string>
				<key>isa</key>
				<string>PBXFileReference</string>
				<key>name</key>
				<string>value.c</string>
				<key>path</key>
				<string>../../../addons/ofxTwitterStream/src/lib/jansson/value.c</string>
				<key>sourceTree</key>
				<string>SOURCE_ROOT</string>
			</dict>
			<key>17CF1F50862BA6E4D8788643</key>
			<dict>
				<key>explicitFileType</key>
				<string>sourcecode.c.h</string>
				<key>fileEncoding</key>
				<string>30</string>
				<key>isa</key>
				<string>PBXFileReference</string>
				<key>name</key>
				<string>utf.h</string>
				<key>path</key>
				<string>../../../addons/ofxTwitterStream/src/lib/jansson/utf.h</string>
				<key>sourceTree</key>
				<string>SOURCE_ROOT</string>
			</dict>
			<key>5E3FE3DD0FCF0313600BBE63</key>
			<dict>
				<key>fileRef</key>
				<string>0A205ADFA7573B6A468919C2</string>
				<key>isa</key>
				<string>PBXBuildFile</string>
			</dict>
			<key>0A205ADFA7573B6A468919C2</key>
			<dict>
				<key>explicitFileType</key>
				<string>sourcecode.c.c</string>
				<key>fileEncoding</key>
				<string>30</string>
				<key>isa</key>
				<string>PBXFileReference</string>
				<key>name</key>
				<string>utf.c</string>
				<key>path</key>
				<string>../../../addons/ofxTwitterStream/src/lib/jansson/utf.c</string>
				<key>sourceTree</key>
				<string>SOURCE_ROOT</string>
			</dict>
			<key>6DE714ED6085489E3B84377A</key>
			<dict>
				<key>explicitFileType</key>
				<string>sourcecode.c.h</string>
				<key>fileEncoding</key>
				<string>30</string>
				<key>isa</key>
				<string>PBXFileReference</string>
				<key>name</key>
				<string>strbuffer.h</string>
				<key>path</key>
				<string>../../../addons/ofxTwitterStream/src/lib/jansson/strbuffer.h</string>
				<key>sourceTree</key>
				<string>SOURCE_ROOT</string>
			</dict>
			<key>1485DFDB75E66AE5219FFB5F</key>
			<dict>
				<key>fileRef</key>
				<string>D740C2896B9B641095D981C4</string>
				<key>isa</key>
				<string>PBXBuildFile</string>
			</dict>
			<key>D740C2896B9B641095D981C4</key>
			<dict>
				<key>explicitFileType</key>
				<string>sourcecode.c.c</string>
				<key>fileEncoding</key>
				<string>30</string>
				<key>isa</key>
				<string>PBXFileReference</string>
				<key>name</key>
				<string>strbuffer.c</string>
				<key>path</key>
				<string>../../../addons/ofxTwitterStream/src/lib/jansson/strbuffer.c</string>
				<key>sourceTree</key>
				<string>SOURCE_ROOT</string>
			</dict>
			<key>582F6A2F6A39374E42BFE5E9</key>
			<dict>
				<key>fileRef</key>
				<string>E156942F93D8056869B2F082</string>
				<key>isa</key>
				<string>PBXBuildFile</string>
			</dict>
			<key>E156942F93D8056869B2F082</key>
			<dict>
				<key>explicitFileType</key>
				<string>sourcecode.c.c</string>
				<key>fileEncoding</key>
				<string>30</string>
				<key>isa</key>
				<string>PBXFileReference</string>
				<key>name</key>
				<string>pack_unpack.c</string>
				<key>path</key>
				<string>../../../addons/ofxTwitterStream/src/lib/jansson/pack_unpack.c</string>
				<key>sourceTree</key>
				<string>SOURCE_ROOT</string>
			</dict>
			<key>B7B7CFD46A26E9B2C9E585F7</key>
			<dict>
				<key>fileRef</key>
				<string>76C1EBFC3C2C70271F076C6B</string>
				<key>isa</key>
				<string>PBXBuildFile</string>
			</dict>
			<key>76C1EBFC3C2C70271F076C6B</key>
			<dict>
				<key>explicitFileType</key>
				<string>sourcecode.c.c</string>
				<key>fileEncoding</key>
				<string>30</string>
				<key>isa</key>
				<string>PBXFileReference</string>
				<key>name</key>
				<string>memory.c</string>
				<key>path</key>
				<string>../../../addons/ofxTwitterStream/src/lib/jansson/memory.c</string>
				<key>sourceTree</key>
				<string>SOURCE_ROOT</string>
			</dict>
			<key>F629217646002EC52A08D08E</key>
			<dict>
				<key>fileRef</key>
				<string>265B749740F1231B26FB57F0</string>
				<key>isa</key>
				<string>PBXBuildFile</string>
			</dict>
			<key>265B749740F1231B26FB57F0</key>
			<dict>
				<key>explicitFileType</key>
				<string>sourcecode.c.c</string>
				<key>fileEncoding</key>
				<string>30</string>
				<key>isa</key>
				<string>PBXFileReference</string>
				<key>name</key>
				<string>load.c</string>
				<key>path</key>
				<string>../../../addons/ofxTwitterStream/src/lib/jansson/load.c</string>
				<key>sourceTree</key>
				<string>SOURCE_ROOT</string>
			</dict>
			<key>3A0C31A36916EDC8D79114B5</key>
			<dict>
				<key>explicitFileType</key>
				<string>sourcecode.c.h</string>
				<key>fileEncoding</key>
				<string>30</string>
				<key>isa</key>
				<string>PBXFileReference</string>
				<key>name</key>
				<string>jansson_private.h</string>
				<key>path</key>
				<string>../../../addons/ofxTwitterStream/src/lib/jansson/jansson_private.h</string>
				<key>sourceTree</key>
				<string>SOURCE_ROOT</string>
			</dict>
			<key>5520445B52C697584FBA8D72</key>
			<dict>
				<key>explicitFileType</key>
				<string>sourcecode.c.h</string>
				<key>fileEncoding</key>
				<string>30</string>
				<key>isa</key>
				<string>PBXFileReference</string>
				<key>name</key>
				<string>jansson_config.h</string>
				<key>path</key>
				<string>../../../addons/ofxTwitterStream/src/lib/jansson/jansson_config.h</string>
				<key>sourceTree</key>
				<string>SOURCE_ROOT</string>
			</dict>
			<key>42D1BF9822CBB73AF36F5457</key>
			<dict>
				<key>explicitFileType</key>
				<string>sourcecode.c.h</string>
				<key>fileEncoding</key>
				<string>30</string>
				<key>isa</key>
				<string>PBXFileReference</string>
				<key>name</key>
				<string>jansson.h</string>
				<key>path</key>
				<string>../../../addons/ofxTwitterStream/src/lib/jansson/jansson.h</string>
				<key>sourceTree</key>
				<string>SOURCE_ROOT</string>
			</dict>
			<key>281CD97CC6C5A1B699F0141E</key>
			<dict>
				<key>explicitFileType</key>
				<string>sourcecode.c.h</string>
				<key>fileEncoding</key>
				<string>30</string>
				<key>isa</key>
				<string>PBXFileReference</string>
				<key>name</key>
				<string>hashtable.h</string>
				<key>path</key>
				<string>../../../addons/ofxTwitterStream/src/lib/jansson/hashtable.h</string>
				<key>sourceTree</key>
				<string>SOURCE_ROOT</string>
			</dict>
			<key>8C19584003A2DCF07003D1D6</key>
			<dict>
				<key>fileRef</key>
				<string>8AF48FC0C57B962BAE6656AD</string>
				<key>isa</key>
				<string>PBXBuildFile</string>
			</dict>
			<key>8AF48FC0C57B962BAE6656AD</key>
			<dict>
				<key>explicitFileType</key>
				<string>sourcecode.c.c</string>
				<key>fileEncoding</key>
				<string>30</string>
				<key>isa</key>
				<string>PBXFileReference</string>
				<key>name</key>
				<string>hashtable.c</string>
				<key>path</key>
				<string>../../../addons/ofxTwitterStream/src/lib/jansson/hashtable.c</string>
				<key>sourceTree</key>
				<string>SOURCE_ROOT</string>
			</dict>
			<key>4BFD450330990FC9AFC8955D</key>
			<dict>
				<key>fileRef</key>
				<string>31FC70B875A53EAFB81F6369</string>
				<key>isa</key>
				<string>PBXBuildFile</string>
			</dict>
			<key>31FC70B875A53EAFB81F6369</key>
			<dict>
				<key>explicitFileType</key>
				<string>sourcecode.c.c</string>
				<key>fileEncoding</key>
				<string>30</string>
				<key>isa</key>
				<string>PBXFileReference</string>
				<key>name</key>
				<string>error.c</string>
				<key>path</key>
				<string>../../../addons/ofxTwitterStream/src/lib/jansson/error.c</string>
				<key>sourceTree</key>
				<string>SOURCE_ROOT</string>
			</dict>
			<key>0716DF84ACC295CBE2036366</key>
			<dict>
				<key>children</key>
				<array>
					<string>B6B0D1B682A14B2AFE087B08</string>
					<string>31FC70B875A53EAFB81F6369</string>
					<string>8AF48FC0C57B962BAE6656AD</string>
					<string>281CD97CC6C5A1B699F0141E</string>
					<string>42D1BF9822CBB73AF36F5457</string>
					<string>5520445B52C697584FBA8D72</string>
					<string>3A0C31A36916EDC8D79114B5</string>
					<string>265B749740F1231B26FB57F0</string>
					<string>76C1EBFC3C2C70271F076C6B</string>
					<string>E156942F93D8056869B2F082</string>
					<string>D740C2896B9B641095D981C4</string>
					<string>6DE714ED6085489E3B84377A</string>
					<string>0A205ADFA7573B6A468919C2</string>
					<string>17CF1F50862BA6E4D8788643</string>
					<string>0CFC9D123194CC56E713224F</string>
				</array>
				<key>isa</key>
				<string>PBXGroup</string>
				<key>name</key>
				<string>jansson</string>
				<key>sourceTree</key>
				<string>&lt;group&gt;</string>
			</dict>
			<key>900AE09C6BEAE0D6BDA8FB02</key>
			<dict>
				<key>children</key>
				<array>
					<string>0716DF84ACC295CBE2036366</string>
					<string>10B154B11B41E53E73FFCABC</string>
				</array>
				<key>isa</key>
				<string>PBXGroup</string>
				<key>name</key>
				<string>lib</string>
				<key>sourceTree</key>
				<string>&lt;group&gt;</string>
			</dict>
			<key>565038CA994949BBECBEB444</key>
			<dict>
				<key>children</key>
				<array>
					<string>900AE09C6BEAE0D6BDA8FB02</string>
					<string>AFD9C056248A50C640EBEDDD</string>
					<string>8C27BC0C45E31912F71F3429</string>
					<string>C4FADA84AB3877E337B3285D</string>
					<string>37E4AC738D2962D82833ED9C</string>
					<string>F5F3537D208CA20424832833</string>
					<string>A8E68B9149CA920F45C4CE8B</string>
				</array>
				<key>isa</key>
				<string>PBXGroup</string>
				<key>name</key>
				<string>src</string>
				<key>sourceTree</key>
				<string>&lt;group&gt;</string>
			</dict>
			<key>0A36F3AFC0FA699D9D82E820</key>
			<dict>
				<key>children</key>
				<array>
					<string>565038CA994949BBECBEB444</string>
				</array>
				<key>isa</key>
				<string>PBXGroup</string>
				<key>name</key>
				<string>ofxTwitterStream</string>
				<key>sourceTree</key>
				<string>&lt;group&gt;</string>
			</dict>
			<key>047BCCEA1A6568F6D7D5A038</key>
			<dict>
				<key>fileRef</key>
				<string>B6B0D1B682A14B2AFE087B08</string>
				<key>isa</key>
				<string>PBXBuildFile</string>
			</dict>
			<key>B6B0D1B682A14B2AFE087B08</key>
			<dict>
				<key>explicitFileType</key>
				<string>sourcecode.c.c</string>
				<key>fileEncoding</key>
				<string>30</string>
				<key>isa</key>
				<string>PBXFileReference</string>
				<key>name</key>
				<string>dump.c</string>
				<key>path</key>
				<string>../../../addons/ofxTwitterStream/src/lib/jansson/dump.c</string>
				<key>sourceTree</key>
				<string>SOURCE_ROOT</string>
			</dict>
			<key>BB4B014C10F69532006C3DED</key>
			<dict>
				<key>children</key>
				<array>
					<string>0A36F3AFC0FA699D9D82E820</string>
				</array>
				<key>isa</key>
				<string>PBXGroup</string>
				<key>name</key>
				<string>addons</string>
				<key>sourceTree</key>
				<string>&lt;group&gt;</string>
			</dict>
			<key>BBAB23BE13894E4700AA2426</key>
			<dict>
				<key>isa</key>
				<string>PBXFileReference</string>
				<key>lastKnownFileType</key>
				<string>wrapper.framework</string>
				<key>name</key>
				<string>GLUT.framework</string>
				<key>path</key>
				<string>../../../libs/glut/lib/osx/GLUT.framework</string>
				<key>sourceTree</key>
				<string>&lt;group&gt;</string>
			</dict>
			<key>BBAB23C913894ECA00AA2426</key>
			<dict>
				<key>children</key>
				<array>
					<string>E7F985F515E0DE99003869B5</string>
					<string>E4C2424410CC5A17004149E2</string>
					<string>E4C2424510CC5A17004149E2</string>
					<string>E4C2424610CC5A17004149E2</string>
					<string>E45BE9710E8CC7DD009D7055</string>
					<string>E45BE9720E8CC7DD009D7055</string>
					<string>E45BE9730E8CC7DD009D7055</string>
					<string>E45BE9740E8CC7DD009D7055</string>
					<string>E45BE9750E8CC7DD009D7055</string>
					<string>E45BE9760E8CC7DD009D7055</string>
					<string>E45BE9770E8CC7DD009D7055</string>
					<string>E45BE9790E8CC7DD009D7055</string>
					<string>E45BE97A0E8CC7DD009D7055</string>
					<string>E7E077E415D3B63C0020DFD4</string>
					<string>E7E077E715D3B6510020DFD4</string>
				</array>
				<key>isa</key>
				<string>PBXGroup</string>
				<key>name</key>
				<string>system frameworks</string>
				<key>sourceTree</key>
				<string>&lt;group&gt;</string>
			</dict>
			<key>BBAB23CA13894EDB00AA2426</key>
			<dict>
				<key>children</key>
				<array>
					<string>BBAB23BE13894E4700AA2426</string>
				</array>
				<key>isa</key>
				<string>PBXGroup</string>
				<key>name</key>
				<string>3rd party frameworks</string>
				<key>sourceTree</key>
				<string>&lt;group&gt;</string>
			</dict>
			<key>BBAB23CB13894F3D00AA2426</key>
			<dict>
				<key>fileRef</key>
				<string>BBAB23BE13894E4700AA2426</string>
				<key>isa</key>
				<string>PBXBuildFile</string>
			</dict>
			<key>E4328143138ABC890047C5CB</key>
			<dict>
				<key>isa</key>
				<string>PBXFileReference</string>
				<key>lastKnownFileType</key>
				<string>wrapper.pb-project</string>
				<key>name</key>
				<string>openFrameworksLib.xcodeproj</string>
				<key>path</key>
				<string>../../../libs/openFrameworksCompiled/project/osx/openFrameworksLib.xcodeproj</string>
				<key>sourceTree</key>
				<string>SOURCE_ROOT</string>
			</dict>
			<key>E4328144138ABC890047C5CB</key>
			<dict>
				<key>children</key>
				<array>
					<string>E4328148138ABC890047C5CB</string>
				</array>
				<key>isa</key>
				<string>PBXGroup</string>
				<key>name</key>
				<string>Products</string>
				<key>sourceTree</key>
				<string>&lt;group&gt;</string>
			</dict>
			<key>E4328147138ABC890047C5CB</key>
			<dict>
				<key>containerPortal</key>
				<string>E4328143138ABC890047C5CB</string>
				<key>isa</key>
				<string>PBXContainerItemProxy</string>
				<key>proxyType</key>
				<string>2</string>
				<key>remoteGlobalIDString</key>
				<string>E4B27C1510CBEB8E00536013</string>
				<key>remoteInfo</key>
				<string>openFrameworks</string>
			</dict>
			<key>E4328148138ABC890047C5CB</key>
			<dict>
				<key>fileType</key>
				<string>archive.ar</string>
				<key>isa</key>
				<string>PBXReferenceProxy</string>
				<key>path</key>
				<string>openFrameworksDebug.a</string>
				<key>remoteRef</key>
				<string>E4328147138ABC890047C5CB</string>
				<key>sourceTree</key>
				<string>BUILT_PRODUCTS_DIR</string>
			</dict>
			<key>E4328149138ABC9F0047C5CB</key>
			<dict>
				<key>fileRef</key>
				<string>E4328148138ABC890047C5CB</string>
				<key>isa</key>
				<string>PBXBuildFile</string>
			</dict>
			<key>E45BE5980E8CC70C009D7055</key>
			<dict>
				<key>children</key>
				<array>
					<string>BBAB23CA13894EDB00AA2426</string>
					<string>BBAB23C913894ECA00AA2426</string>
				</array>
				<key>isa</key>
				<string>PBXGroup</string>
				<key>name</key>
				<string>frameworks</string>
				<key>sourceTree</key>
				<string>&lt;group&gt;</string>
			</dict>
			<key>E45BE9710E8CC7DD009D7055</key>
			<dict>
				<key>isa</key>
				<string>PBXFileReference</string>
				<key>lastKnownFileType</key>
				<string>wrapper.framework</string>
				<key>name</key>
				<string>AGL.framework</string>
				<key>path</key>
				<string>/System/Library/Frameworks/AGL.framework</string>
				<key>sourceTree</key>
				<string>&lt;absolute&gt;</string>
			</dict>
			<key>E45BE9720E8CC7DD009D7055</key>
			<dict>
				<key>isa</key>
				<string>PBXFileReference</string>
				<key>lastKnownFileType</key>
				<string>wrapper.framework</string>
				<key>name</key>
				<string>ApplicationServices.framework</string>
				<key>path</key>
				<string>/System/Library/Frameworks/ApplicationServices.framework</string>
				<key>sourceTree</key>
				<string>&lt;absolute&gt;</string>
			</dict>
			<key>E45BE9730E8CC7DD009D7055</key>
			<dict>
				<key>isa</key>
				<string>PBXFileReference</string>
				<key>lastKnownFileType</key>
				<string>wrapper.framework</string>
				<key>name</key>
				<string>AudioToolbox.framework</string>
				<key>path</key>
				<string>/System/Library/Frameworks/AudioToolbox.framework</string>
				<key>sourceTree</key>
				<string>&lt;absolute&gt;</string>
			</dict>
			<key>E45BE9740E8CC7DD009D7055</key>
			<dict>
				<key>isa</key>
				<string>PBXFileReference</string>
				<key>lastKnownFileType</key>
				<string>wrapper.framework</string>
				<key>name</key>
				<string>Carbon.framework</string>
				<key>path</key>
				<string>/System/Library/Frameworks/Carbon.framework</string>
				<key>sourceTree</key>
				<string>&lt;absolute&gt;</string>
			</dict>
			<key>E45BE9750E8CC7DD009D7055</key>
			<dict>
				<key>isa</key>
				<string>PBXFileReference</string>
				<key>lastKnownFileType</key>
				<string>wrapper.framework</string>
				<key>name</key>
				<string>CoreAudio.framework</string>
				<key>path</key>
				<string>/System/Library/Frameworks/CoreAudio.framework</string>
				<key>sourceTree</key>
				<string>&lt;absolute&gt;</string>
			</dict>
			<key>E45BE9760E8CC7DD009D7055</key>
			<dict>
				<key>isa</key>
				<string>PBXFileReference</string>
				<key>lastKnownFileType</key>
				<string>wrapper.framework</string>
				<key>name</key>
				<string>CoreFoundation.framework</string>
				<key>path</key>
				<string>/System/Library/Frameworks/CoreFoundation.framework</string>
				<key>sourceTree</key>
				<string>&lt;absolute&gt;</string>
			</dict>
			<key>E45BE9770E8CC7DD009D7055</key>
			<dict>
				<key>isa</key>
				<string>PBXFileReference</string>
				<key>lastKnownFileType</key>
				<string>wrapper.framework</string>
				<key>name</key>
				<string>CoreServices.framework</string>
				<key>path</key>
				<string>/System/Library/Frameworks/CoreServices.framework</string>
				<key>sourceTree</key>
				<string>&lt;absolute&gt;</string>
			</dict>
			<key>E45BE9790E8CC7DD009D7055</key>
			<dict>
				<key>isa</key>
				<string>PBXFileReference</string>
				<key>lastKnownFileType</key>
				<string>wrapper.framework</string>
				<key>name</key>
				<string>OpenGL.framework</string>
				<key>path</key>
				<string>/System/Library/Frameworks/OpenGL.framework</string>
				<key>sourceTree</key>
				<string>&lt;absolute&gt;</string>
			</dict>
			<key>E45BE97A0E8CC7DD009D7055</key>
			<dict>
				<key>isa</key>
				<string>PBXFileReference</string>
				<key>lastKnownFileType</key>
				<string>wrapper.framework</string>
				<key>name</key>
				<string>QuickTime.framework</string>
				<key>path</key>
				<string>/System/Library/Frameworks/QuickTime.framework</string>
				<key>sourceTree</key>
				<string>&lt;absolute&gt;</string>
			</dict>
			<key>E45BE97B0E8CC7DD009D7055</key>
			<dict>
				<key>fileRef</key>
				<string>E45BE9710E8CC7DD009D7055</string>
				<key>isa</key>
				<string>PBXBuildFile</string>
			</dict>
			<key>E45BE97C0E8CC7DD009D7055</key>
			<dict>
				<key>fileRef</key>
				<string>E45BE9720E8CC7DD009D7055</string>
				<key>isa</key>
				<string>PBXBuildFile</string>
			</dict>
			<key>E45BE97D0E8CC7DD009D7055</key>
			<dict>
				<key>fileRef</key>
				<string>E45BE9730E8CC7DD009D7055</string>
				<key>isa</key>
				<string>PBXBuildFile</string>
			</dict>
			<key>E45BE97E0E8CC7DD009D7055</key>
			<dict>
				<key>fileRef</key>
				<string>E45BE9740E8CC7DD009D7055</string>
				<key>isa</key>
				<string>PBXBuildFile</string>
			</dict>
			<key>E45BE97F0E8CC7DD009D7055</key>
			<dict>
				<key>fileRef</key>
				<string>E45BE9750E8CC7DD009D7055</string>
				<key>isa</key>
				<string>PBXBuildFile</string>
			</dict>
			<key>E45BE9800E8CC7DD009D7055</key>
			<dict>
				<key>fileRef</key>
				<string>E45BE9760E8CC7DD009D7055</string>
				<key>isa</key>
				<string>PBXBuildFile</string>
			</dict>
			<key>E45BE9810E8CC7DD009D7055</key>
			<dict>
				<key>fileRef</key>
				<string>E45BE9770E8CC7DD009D7055</string>
				<key>isa</key>
				<string>PBXBuildFile</string>
			</dict>
			<key>E45BE9830E8CC7DD009D7055</key>
			<dict>
				<key>fileRef</key>
				<string>E45BE9790E8CC7DD009D7055</string>
				<key>isa</key>
				<string>PBXBuildFile</string>
			</dict>
			<key>E45BE9840E8CC7DD009D7055</key>
			<dict>
				<key>fileRef</key>
				<string>E45BE97A0E8CC7DD009D7055</string>
				<key>isa</key>
				<string>PBXBuildFile</string>
			</dict>
			<key>E4B69B4A0A3A1720003C02F2</key>
			<dict>
				<key>children</key>
				<array>
					<string>E4B6FCAD0C3E899E008CF71C</string>
					<string>E4EB6923138AFD0F00A09F29</string>
					<string>E4B69E1C0A3A1BDC003C02F2</string>
					<string>E4EEC9E9138DF44700A80321</string>
					<string>BB4B014C10F69532006C3DED</string>
					<string>E45BE5980E8CC70C009D7055</string>
					<string>E4B69B5B0A3A1756003C02F2</string>
				</array>
				<key>isa</key>
				<string>PBXGroup</string>
				<key>sourceTree</key>
				<string>&lt;group&gt;</string>
			</dict>
			<key>E4B69B4C0A3A1720003C02F2</key>
			<dict>
				<key>attributes</key>
				<dict>
					<key>LastUpgradeCheck</key>
					<string>0460</string>
				</dict>
				<key>buildConfigurationList</key>
				<string>E4B69B4D0A3A1720003C02F2</string>
				<key>compatibilityVersion</key>
				<string>Xcode 3.2</string>
				<key>developmentRegion</key>
				<string>English</string>
				<key>hasScannedForEncodings</key>
				<string>0</string>
				<key>isa</key>
				<string>PBXProject</string>
				<key>knownRegions</key>
				<array>
					<string>English</string>
					<string>Japanese</string>
					<string>French</string>
					<string>German</string>
				</array>
				<key>mainGroup</key>
				<string>E4B69B4A0A3A1720003C02F2</string>
				<key>productRefGroup</key>
				<string>E4B69B4A0A3A1720003C02F2</string>
				<key>projectDirPath</key>
				<string />
				<key>projectReferences</key>
				<array>
					<dict>
						<key>ProductGroup</key>
						<string>E4328144138ABC890047C5CB</string>
						<key>ProjectRef</key>
						<string>E4328143138ABC890047C5CB</string>
					</dict>
				</array>
				<key>projectRoot</key>
				<string />
				<key>targets</key>
				<array>
					<string>E4B69B5A0A3A1756003C02F2</string>
				</array>
			</dict>
			<key>E4B69B4D0A3A1720003C02F2</key>
			<dict>
				<key>buildConfigurations</key>
				<array>
					<string>E4B69B4E0A3A1720003C02F2</string>
					<string>E4B69B4F0A3A1720003C02F2</string>
				</array>
				<key>defaultConfigurationIsVisible</key>
				<string>0</string>
				<key>defaultConfigurationName</key>
				<string>Release</string>
				<key>isa</key>
				<string>XCConfigurationList</string>
			</dict>
			<key>E4B69B4E0A3A1720003C02F2</key>
			<dict>
				<key>baseConfigurationReference</key>
				<string>E4EB6923138AFD0F00A09F29</string>
				<key>buildSettings</key>
				<dict>
					<key>HEADER_SEARCH_PATHS</key>
					<array>
						<string>$(OF_CORE_HEADERS)</string>
						<string>../../../addons/ofxTwitterStream/libs</string>
						<string>../../../addons/ofxTwitterStream/src</string>
						<string>../../../addons/ofxTwitterStream/src/lib</string>
						<string>../../../addons/ofxTwitterStream/src/lib/jansson</string>
						<string>../../../addons/ofxTwitterStream/src/lib/stringencoders</string>
					</array>
					<key>ARCHS</key>
					<string>$(NATIVE_ARCH)</string>
					<key>CONFIGURATION_BUILD_DIR</key>
					<string>$(SRCROOT)/bin/</string>
					<key>COPY_PHASE_STRIP</key>
					<string>NO</string>
					<key>DEAD_CODE_STRIPPING</key>
					<string>YES</string>
					<key>GCC_AUTO_VECTORIZATION</key>
					<string>YES</string>
					<key>GCC_ENABLE_SSE3_EXTENSIONS</key>
					<string>YES</string>
					<key>GCC_ENABLE_SUPPLEMENTAL_SSE3_INSTRUCTIONS</key>
					<string>YES</string>
					<key>GCC_INLINES_ARE_PRIVATE_EXTERN</key>
					<string>NO</string>
					<key>GCC_OPTIMIZATION_LEVEL</key>
					<string>0</string>
					<key>GCC_SYMBOLS_PRIVATE_EXTERN</key>
					<string>NO</string>
					<key>GCC_WARN_ABOUT_DEPRECATED_FUNCTIONS</key>
					<string>YES</string>
					<key>GCC_WARN_ABOUT_INVALID_OFFSETOF_MACRO</key>
					<string>NO</string>
					<key>GCC_WARN_ALLOW_INCOMPLETE_PROTOCOL</key>
					<string>NO</string>
					<key>GCC_WARN_UNINITIALIZED_AUTOS</key>
					<string>NO</string>
					<key>GCC_WARN_UNUSED_VALUE</key>
					<string>NO</string>
					<key>GCC_WARN_UNUSED_VARIABLE</key>
					<string>NO</string>
					<key>MACOSX_DEPLOYMENT_TARGET</key>
					<string>10.6</string>
					<key>OTHER_CPLUSPLUSFLAGS</key>
					<array>
						<string>-D__MACOSX_CORE__</string>
						<string>-lpthread</string>
						<string>-mtune=native</string>
					</array>
					<key>SDKROOT</key>
					<string>macosx</string>
				</dict>
				<key>isa</key>
				<string>XCBuildConfiguration</string>
				<key>name</key>
				<string>Debug</string>
			</dict>
			<key>E4B69B4F0A3A1720003C02F2</key>
			<dict>
				<key>baseConfigurationReference</key>
				<string>E4EB6923138AFD0F00A09F29</string>
				<key>buildSettings</key>
				<dict>
					<key>HEADER_SEARCH_PATHS</key>
					<array>
						<string>$(OF_CORE_HEADERS)</string>
						<string>../../../addons/ofxTwitterStream/libs</string>
						<string>../../../addons/ofxTwitterStream/src</string>
						<string>../../../addons/ofxTwitterStream/src/lib</string>
						<string>../../../addons/ofxTwitterStream/src/lib/jansson</string>
						<string>../../../addons/ofxTwitterStream/src/lib/stringencoders</string>
					</array>
					<key>ARCHS</key>
					<string>$(NATIVE_ARCH)</string>
					<key>CONFIGURATION_BUILD_DIR</key>
					<string>$(SRCROOT)/bin/</string>
					<key>COPY_PHASE_STRIP</key>
					<string>YES</string>
					<key>DEAD_CODE_STRIPPING</key>
					<string>YES</string>
					<key>GCC_AUTO_VECTORIZATION</key>
					<string>YES</string>
					<key>GCC_ENABLE_SSE3_EXTENSIONS</key>
					<string>YES</string>
					<key>GCC_ENABLE_SUPPLEMENTAL_SSE3_INSTRUCTIONS</key>
					<string>YES</string>
					<key>GCC_INLINES_ARE_PRIVATE_EXTERN</key>
					<string>NO</string>
					<key>GCC_OPTIMIZATION_LEVEL</key>
					<string>3</string>
					<key>GCC_SYMBOLS_PRIVATE_EXTERN</key>
					<string>NO</string>
					<key>GCC_UNROLL_LOOPS</key>
					<string>YES</string>
					<key>GCC_WARN_ABOUT_DEPRECATED_FUNCTIONS</key>
					<string>YES</string>
					<key>GCC_WARN_ABOUT_INVALID_OFFSETOF_MACRO</key>
					<string>NO</string>
					<key>GCC_WARN_ALLOW_INCOMPLETE_PROTOCOL</key>
					<string>NO</string>
					<key>GCC_WARN_UNINITIALIZED_AUTOS</key>
					<string>NO</string>
					<key>GCC_WARN_UNUSED_VALUE</key>
					<string>NO</string>
					<key>GCC_WARN_UNUSED_VARIABLE</key>
					<string>NO</string>
					<key>MACOSX_DEPLOYMENT_TARGET</key>
					<string>10.6</string>
					<key>OTHER_CPLUSPLUSFLAGS</key>
					<array>
						<string>-D__MACOSX_CORE__</string>
						<string>-lpthread</string>
						<string>-mtune=native</string>
					</array>
					<key>SDKROOT</key>
					<string>macosx</string>
				</dict>
				<key>isa</key>
				<string>XCBuildConfiguration</string>
				<key>name</key>
				<string>Release</string>
			</dict>
			<key>E4B69B580A3A1756003C02F2</key>
			<dict>
				<key>buildActionMask</key>
				<string>2147483647</string>
				<key>files</key>
				<array>
					<string>E4B69E200A3A1BDC003C02F2</string>
					<string>E4B69E210A3A1BDC003C02F2</string>
					<string>047BCCEA1A6568F6D7D5A038</string>
					<string>4BFD450330990FC9AFC8955D</string>
					<string>8C19584003A2DCF07003D1D6</string>
					<string>F629217646002EC52A08D08E</string>
					<string>B7B7CFD46A26E9B2C9E585F7</string>
					<string>582F6A2F6A39374E42BFE5E9</string>
					<string>1485DFDB75E66AE5219FFB5F</string>
					<string>5E3FE3DD0FCF0313600BBE63</string>
					<string>48DBB21BFBF6501464FD8AEF</string>
					<string>34A4827FAE310C709607B1A5</string>
					<string>DEF86F858FD2B8725546256A</string>
					<string>7030494B76D160C836E0B370</string>
					<string>A1CA333EC9B57BAD04E7AAA8</string>
				</array>
				<key>isa</key>
				<string>PBXSourcesBuildPhase</string>
				<key>runOnlyForDeploymentPostprocessing</key>
				<string>0</string>
			</dict>
			<key>E4B69B590A3A1756003C02F2</key>
			<dict>
				<key>buildActionMask</key>
				<string>2147483647</string>
				<key>files</key>
				<array>
					<string>E7F985F815E0DEA3003869B5</string>
					<string>E7E077E815D3B6510020DFD4</string>
					<string>E4EB6799138ADC1D00A09F29</string>
					<string>E4328149138ABC9F0047C5CB</string>
					<string>E45BE97B0E8CC7DD009D7055</string>
					<string>E45BE97C0E8CC7DD009D7055</string>
					<string>E45BE97D0E8CC7DD009D7055</string>
					<string>E45BE97E0E8CC7DD009D7055</string>
					<string>E45BE97F0E8CC7DD009D7055</string>
					<string>E45BE9800E8CC7DD009D7055</string>
					<string>E45BE9810E8CC7DD009D7055</string>
					<string>E45BE9830E8CC7DD009D7055</string>
					<string>E45BE9840E8CC7DD009D7055</string>
					<string>E4C2424710CC5A17004149E2</string>
					<string>E4C2424810CC5A17004149E2</string>
					<string>E4C2424910CC5A17004149E2</string>
					<string>E7E077E515D3B63C0020DFD4</string>
				</array>
				<key>isa</key>
				<string>PBXFrameworksBuildPhase</string>
				<key>runOnlyForDeploymentPostprocessing</key>
				<string>0</string>
			</dict>
			<key>E4B69B5A0A3A1756003C02F2</key>
			<dict>
				<key>buildConfigurationList</key>
				<string>E4B69B5F0A3A1757003C02F2</string>
				<key>buildPhases</key>
				<array>
					<string>E4B69B580A3A1756003C02F2</string>
					<string>E4B69B590A3A1756003C02F2</string>
					<string>E4B6FFFD0C3F9AB9008CF71C</string>
					<string>E4C2427710CC5ABF004149E2</string>
				</array>
				<key>buildRules</key>
				<array />
				<key>dependencies</key>
				<array>
					<string>E4EEB9AC138B136A00A80321</string>
				</array>
				<key>isa</key>
				<string>PBXNativeTarget</string>
				<key>name</key>
				<string>TwitterTry01</string>
				<key>productName</key>
				<string>myOFApp</string>
				<key>productReference</key>
				<string>E4B69B5B0A3A1756003C02F2</string>
				<key>productType</key>
				<string>com.apple.product-type.application</string>
			</dict>
			<key>E4B69B5B0A3A1756003C02F2</key>
			<dict>
				<key>explicitFileType</key>
				<string>wrapper.application</string>
				<key>includeInIndex</key>
				<string>0</string>
				<key>isa</key>
				<string>PBXFileReference</string>
				<key>path</key>
				<string>TwitterTry01Debug.app</string>
				<key>sourceTree</key>
				<string>BUILT_PRODUCTS_DIR</string>
			</dict>
			<key>E4B69B5F0A3A1757003C02F2</key>
			<dict>
				<key>buildConfigurations</key>
				<array>
					<string>E4B69B600A3A1757003C02F2</string>
					<string>E4B69B610A3A1757003C02F2</string>
				</array>
				<key>defaultConfigurationIsVisible</key>
				<string>0</string>
				<key>defaultConfigurationName</key>
				<string>Release</string>
				<key>isa</key>
				<string>XCConfigurationList</string>
			</dict>
			<key>E4B69B600A3A1757003C02F2</key>
			<dict>
				<key>buildSettings</key>
				<dict>
					<key>COMBINE_HIDPI_IMAGES</key>
					<string>YES</string>
					<key>COPY_PHASE_STRIP</key>
					<string>NO</string>
					<key>FRAMEWORK_SEARCH_PATHS</key>
					<array>
						<string>$(inherited)</string>
						<string>$(FRAMEWORK_SEARCH_PATHS_QUOTED_FOR_TARGET_1)</string>
					</array>
					<key>FRAMEWORK_SEARCH_PATHS_QUOTED_FOR_TARGET_1</key>
					<string>"$(SRCROOT)/../../../libs/glut/lib/osx"</string>
					<key>GCC_DYNAMIC_NO_PIC</key>
					<string>NO</string>
					<key>GCC_GENERATE_DEBUGGING_SYMBOLS</key>
					<string>YES</string>
					<key>GCC_MODEL_TUNING</key>
					<string>NONE</string>
					<key>ICON</key>
					<string>$(ICON_NAME_DEBUG)</string>
					<key>ICON_FILE</key>
					<string>$(ICON_FILE_PATH)$(ICON)</string>
					<key>INFOPLIST_FILE</key>
					<string>openFrameworks-Info.plist</string>
					<key>INSTALL_PATH</key>
					<string>$(HOME)/Applications</string>
					<key>LIBRARY_SEARCH_PATHS</key>
					<array>
						<string>$(inherited)</string>
						<string>$(LIBRARY_SEARCH_PATHS_QUOTED_FOR_TARGET_1)</string>
						<string>$(LIBRARY_SEARCH_PATHS_QUOTED_FOR_TARGET_2)</string>
						<string>$(LIBRARY_SEARCH_PATHS_QUOTED_FOR_TARGET_3)</string>
						<string>$(LIBRARY_SEARCH_PATHS_QUOTED_FOR_TARGET_4)</string>
						<string>$(LIBRARY_SEARCH_PATHS_QUOTED_FOR_TARGET_5)</string>
						<string>$(LIBRARY_SEARCH_PATHS_QUOTED_FOR_TARGET_6)</string>
						<string>$(LIBRARY_SEARCH_PATHS_QUOTED_FOR_TARGET_7)</string>
						<string>$(LIBRARY_SEARCH_PATHS_QUOTED_FOR_TARGET_8)</string>
						<string>$(LIBRARY_SEARCH_PATHS_QUOTED_FOR_TARGET_9)</string>
						<string>$(LIBRARY_SEARCH_PATHS_QUOTED_FOR_TARGET_10)</string>
						<string>$(LIBRARY_SEARCH_PATHS_QUOTED_FOR_TARGET_11)</string>
						<string>$(LIBRARY_SEARCH_PATHS_QUOTED_FOR_TARGET_12)</string>
						<string>$(LIBRARY_SEARCH_PATHS_QUOTED_FOR_TARGET_13)</string>
						<string>$(LIBRARY_SEARCH_PATHS_QUOTED_FOR_TARGET_14)</string>
						<string>$(LIBRARY_SEARCH_PATHS_QUOTED_FOR_TARGET_15)</string>
						<string>$(LIBRARY_SEARCH_PATHS_QUOTED_FOR_TARGET_2)</string>
						<string>$(LIBRARY_SEARCH_PATHS_QUOTED_FOR_TARGET_3)</string>
						<string>$(LIBRARY_SEARCH_PATHS_QUOTED_FOR_TARGET_7)</string>
						<string>$(LIBRARY_SEARCH_PATHS_QUOTED_FOR_TARGET_8)</string>
						<string>$(LIBRARY_SEARCH_PATHS_QUOTED_FOR_TARGET_9)</string>
						<string>$(LIBRARY_SEARCH_PATHS_QUOTED_FOR_TARGET_10)</string>
						<string>$(LIBRARY_SEARCH_PATHS_QUOTED_FOR_TARGET_11)</string>
						<string>$(LIBRARY_SEARCH_PATHS_QUOTED_FOR_TARGET_12)</string>
						<string>$(LIBRARY_SEARCH_PATHS_QUOTED_FOR_TARGET_13)</string>
						<string>$(LIBRARY_SEARCH_PATHS_QUOTED_FOR_TARGET_16)</string>
						<string>$(LIBRARY_SEARCH_PATHS_QUOTED_FOR_TARGET_17)</string>
						<string>$(LIBRARY_SEARCH_PATHS_QUOTED_FOR_TARGET_18)</string>
						<string>$(LIBRARY_SEARCH_PATHS_QUOTED_FOR_TARGET_19)</string>
						<string>$(LIBRARY_SEARCH_PATHS_QUOTED_FOR_TARGET_20)</string>
						<string>$(LIBRARY_SEARCH_PATHS_QUOTED_FOR_TARGET_21)</string>
						<string>$(LIBRARY_SEARCH_PATHS_QUOTED_FOR_TARGET_22)</string>
						<string>$(LIBRARY_SEARCH_PATHS_QUOTED_FOR_TARGET_23)</string>
						<string>$(LIBRARY_SEARCH_PATHS_QUOTED_FOR_TARGET_24)</string>
						<string>$(LIBRARY_SEARCH_PATHS_QUOTED_FOR_TARGET_25)</string>
						<string>$(LIBRARY_SEARCH_PATHS_QUOTED_FOR_TARGET_26)</string>
						<string>$(LIBRARY_SEARCH_PATHS_QUOTED_FOR_TARGET_27)</string>
						<string>$(LIBRARY_SEARCH_PATHS_QUOTED_FOR_TARGET_28)</string>
						<string>$(LIBRARY_SEARCH_PATHS_QUOTED_FOR_TARGET_29)</string>
						<string>$(LIBRARY_SEARCH_PATHS_QUOTED_FOR_TARGET_30)</string>
						<string>$(LIBRARY_SEARCH_PATHS_QUOTED_FOR_TARGET_31)</string>
						<string>$(LIBRARY_SEARCH_PATHS_QUOTED_FOR_TARGET_32)</string>
						<string>$(LIBRARY_SEARCH_PATHS_QUOTED_FOR_TARGET_33)</string>
						<string>$(LIBRARY_SEARCH_PATHS_QUOTED_FOR_TARGET_34)</string>
						<string>$(LIBRARY_SEARCH_PATHS_QUOTED_FOR_TARGET_35)</string>
						<string>$(LIBRARY_SEARCH_PATHS_QUOTED_FOR_TARGET_36)</string>
						<string>$(LIBRARY_SEARCH_PATHS_QUOTED_FOR_TARGET_37)</string>
						<string>$(LIBRARY_SEARCH_PATHS_QUOTED_FOR_TARGET_38)</string>
						<string>$(LIBRARY_SEARCH_PATHS_QUOTED_FOR_TARGET_39)</string>
						<string>$(LIBRARY_SEARCH_PATHS_QUOTED_FOR_TARGET_40)</string>
						<string>$(LIBRARY_SEARCH_PATHS_QUOTED_FOR_TARGET_41)</string>
						<string>$(LIBRARY_SEARCH_PATHS_QUOTED_FOR_TARGET_42)</string>
						<string>$(LIBRARY_SEARCH_PATHS_QUOTED_FOR_TARGET_43)</string>
						<string>$(LIBRARY_SEARCH_PATHS_QUOTED_FOR_TARGET_44)</string>
						<string>$(LIBRARY_SEARCH_PATHS_QUOTED_FOR_TARGET_45)</string>
						<string>$(LIBRARY_SEARCH_PATHS_QUOTED_FOR_TARGET_46)</string>
						<string>$(LIBRARY_SEARCH_PATHS_QUOTED_FOR_TARGET_47)</string>
						<string>$(LIBRARY_SEARCH_PATHS_QUOTED_FOR_TARGET_48)</string>
						<string>$(LIBRARY_SEARCH_PATHS_QUOTED_FOR_TARGET_49)</string>
						<string>$(LIBRARY_SEARCH_PATHS_QUOTED_FOR_TARGET_50)</string>
						<string>$(LIBRARY_SEARCH_PATHS_QUOTED_FOR_TARGET_51)</string>
						<string>$(LIBRARY_SEARCH_PATHS_QUOTED_FOR_TARGET_52)</string>
					</array>
					<key>PRODUCT_NAME</key>
					<string>$(TARGET_NAME)Debug</string>
					<key>WRAPPER_EXTENSION</key>
					<string>app</string>
				</dict>
				<key>isa</key>
				<string>XCBuildConfiguration</string>
				<key>name</key>
				<string>Debug</string>
			</dict>
			<key>E4B69B610A3A1757003C02F2</key>
			<dict>
				<key>buildSettings</key>
				<dict>
					<key>COMBINE_HIDPI_IMAGES</key>
					<string>YES</string>
					<key>COPY_PHASE_STRIP</key>
					<string>YES</string>
					<key>FRAMEWORK_SEARCH_PATHS</key>
					<array>
						<string>$(inherited)</string>
						<string>$(FRAMEWORK_SEARCH_PATHS_QUOTED_FOR_TARGET_1)</string>
					</array>
					<key>FRAMEWORK_SEARCH_PATHS_QUOTED_FOR_TARGET_1</key>
					<string>"$(SRCROOT)/../../../libs/glut/lib/osx"</string>
					<key>GCC_GENERATE_DEBUGGING_SYMBOLS</key>
					<string>YES</string>
					<key>GCC_MODEL_TUNING</key>
					<string>NONE</string>
					<key>ICON</key>
					<string>$(ICON_NAME_RELEASE)</string>
					<key>ICON_FILE</key>
					<string>$(ICON_FILE_PATH)$(ICON)</string>
					<key>INFOPLIST_FILE</key>
					<string>openFrameworks-Info.plist</string>
					<key>INSTALL_PATH</key>
					<string>$(HOME)/Applications</string>
					<key>LIBRARY_SEARCH_PATHS</key>
					<array>
						<string>$(inherited)</string>
						<string>$(LIBRARY_SEARCH_PATHS_QUOTED_FOR_TARGET_1)</string>
						<string>$(LIBRARY_SEARCH_PATHS_QUOTED_FOR_TARGET_2)</string>
						<string>$(LIBRARY_SEARCH_PATHS_QUOTED_FOR_TARGET_3)</string>
						<string>$(LIBRARY_SEARCH_PATHS_QUOTED_FOR_TARGET_4)</string>
						<string>$(LIBRARY_SEARCH_PATHS_QUOTED_FOR_TARGET_5)</string>
						<string>$(LIBRARY_SEARCH_PATHS_QUOTED_FOR_TARGET_6)</string>
						<string>$(LIBRARY_SEARCH_PATHS_QUOTED_FOR_TARGET_7)</string>
						<string>$(LIBRARY_SEARCH_PATHS_QUOTED_FOR_TARGET_8)</string>
						<string>$(LIBRARY_SEARCH_PATHS_QUOTED_FOR_TARGET_9)</string>
						<string>$(LIBRARY_SEARCH_PATHS_QUOTED_FOR_TARGET_10)</string>
						<string>$(LIBRARY_SEARCH_PATHS_QUOTED_FOR_TARGET_11)</string>
						<string>$(LIBRARY_SEARCH_PATHS_QUOTED_FOR_TARGET_12)</string>
						<string>$(LIBRARY_SEARCH_PATHS_QUOTED_FOR_TARGET_13)</string>
						<string>$(LIBRARY_SEARCH_PATHS_QUOTED_FOR_TARGET_14)</string>
						<string>$(LIBRARY_SEARCH_PATHS_QUOTED_FOR_TARGET_15)</string>
						<string>$(LIBRARY_SEARCH_PATHS_QUOTED_FOR_TARGET_2)</string>
						<string>$(LIBRARY_SEARCH_PATHS_QUOTED_1)</string>
						<string>$(LIBRARY_SEARCH_PATHS_QUOTED_FOR_TARGET_3)</string>
						<string>$(LIBRARY_SEARCH_PATHS_QUOTED_FOR_TARGET_7)</string>
						<string>$(LIBRARY_SEARCH_PATHS_QUOTED_FOR_TARGET_8)</string>
						<string>$(LIBRARY_SEARCH_PATHS_QUOTED_FOR_TARGET_9)</string>
						<string>$(LIBRARY_SEARCH_PATHS_QUOTED_FOR_TARGET_10)</string>
						<string>$(LIBRARY_SEARCH_PATHS_QUOTED_FOR_TARGET_11)</string>
						<string>$(LIBRARY_SEARCH_PATHS_QUOTED_FOR_TARGET_12)</string>
						<string>$(LIBRARY_SEARCH_PATHS_QUOTED_FOR_TARGET_13)</string>
						<string>$(LIBRARY_SEARCH_PATHS_QUOTED_FOR_TARGET_16)</string>
						<string>$(LIBRARY_SEARCH_PATHS_QUOTED_FOR_TARGET_17)</string>
						<string>$(LIBRARY_SEARCH_PATHS_QUOTED_FOR_TARGET_18)</string>
						<string>$(LIBRARY_SEARCH_PATHS_QUOTED_FOR_TARGET_19)</string>
						<string>$(LIBRARY_SEARCH_PATHS_QUOTED_FOR_TARGET_20)</string>
						<string>$(LIBRARY_SEARCH_PATHS_QUOTED_FOR_TARGET_21)</string>
						<string>$(LIBRARY_SEARCH_PATHS_QUOTED_FOR_TARGET_22)</string>
						<string>$(LIBRARY_SEARCH_PATHS_QUOTED_FOR_TARGET_23)</string>
						<string>$(LIBRARY_SEARCH_PATHS_QUOTED_FOR_TARGET_24)</string>
						<string>$(LIBRARY_SEARCH_PATHS_QUOTED_FOR_TARGET_25)</string>
						<string>$(LIBRARY_SEARCH_PATHS_QUOTED_FOR_TARGET_26)</string>
						<string>$(LIBRARY_SEARCH_PATHS_QUOTED_FOR_TARGET_27)</string>
						<string>$(LIBRARY_SEARCH_PATHS_QUOTED_FOR_TARGET_28)</string>
						<string>$(LIBRARY_SEARCH_PATHS_QUOTED_FOR_TARGET_29)</string>
						<string>$(LIBRARY_SEARCH_PATHS_QUOTED_FOR_TARGET_30)</string>
						<string>$(LIBRARY_SEARCH_PATHS_QUOTED_FOR_TARGET_31)</string>
						<string>$(LIBRARY_SEARCH_PATHS_QUOTED_FOR_TARGET_32)</string>
						<string>$(LIBRARY_SEARCH_PATHS_QUOTED_FOR_TARGET_33)</string>
						<string>$(LIBRARY_SEARCH_PATHS_QUOTED_FOR_TARGET_34)</string>
						<string>$(LIBRARY_SEARCH_PATHS_QUOTED_FOR_TARGET_35)</string>
						<string>$(LIBRARY_SEARCH_PATHS_QUOTED_FOR_TARGET_36)</string>
						<string>$(LIBRARY_SEARCH_PATHS_QUOTED_FOR_TARGET_37)</string>
						<string>$(LIBRARY_SEARCH_PATHS_QUOTED_FOR_TARGET_38)</string>
						<string>$(LIBRARY_SEARCH_PATHS_QUOTED_FOR_TARGET_39)</string>
						<string>$(LIBRARY_SEARCH_PATHS_QUOTED_FOR_TARGET_40)</string>
						<string>$(LIBRARY_SEARCH_PATHS_QUOTED_FOR_TARGET_41)</string>
						<string>$(LIBRARY_SEARCH_PATHS_QUOTED_FOR_TARGET_42)</string>
						<string>$(LIBRARY_SEARCH_PATHS_QUOTED_FOR_TARGET_43)</string>
						<string>$(LIBRARY_SEARCH_PATHS_QUOTED_FOR_TARGET_44)</string>
						<string>$(LIBRARY_SEARCH_PATHS_QUOTED_FOR_TARGET_45)</string>
						<string>$(LIBRARY_SEARCH_PATHS_QUOTED_FOR_TARGET_46)</string>
						<string>$(LIBRARY_SEARCH_PATHS_QUOTED_FOR_TARGET_47)</string>
						<string>$(LIBRARY_SEARCH_PATHS_QUOTED_FOR_TARGET_48)</string>
						<string>$(LIBRARY_SEARCH_PATHS_QUOTED_FOR_TARGET_49)</string>
						<string>$(LIBRARY_SEARCH_PATHS_QUOTED_FOR_TARGET_50)</string>
						<string>$(LIBRARY_SEARCH_PATHS_QUOTED_FOR_TARGET_51)</string>
					</array>
					<key>PRODUCT_NAME</key>
					<string>$(TARGET_NAME)</string>
					<key>WRAPPER_EXTENSION</key>
					<string>app</string>
				</dict>
				<key>isa</key>
				<string>XCBuildConfiguration</string>
				<key>name</key>
				<string>Release</string>
			</dict>
			<key>E4B69E1C0A3A1BDC003C02F2</key>
			<dict>
				<key>children</key>
				<array>
					<string>E4B69E1D0A3A1BDC003C02F2</string>
					<string>E4B69E1E0A3A1BDC003C02F2</string>
					<string>E4B69E1F0A3A1BDC003C02F2</string>
				</array>
				<key>isa</key>
				<string>PBXGroup</string>
				<key>path</key>
				<string>src</string>
				<key>sourceTree</key>
				<string>SOURCE_ROOT</string>
			</dict>
			<key>E4B69E1D0A3A1BDC003C02F2</key>
			<dict>
				<key>fileEncoding</key>
				<string>30</string>
				<key>isa</key>
				<string>PBXFileReference</string>
				<key>lastKnownFileType</key>
				<string>sourcecode.cpp.cpp</string>
				<key>name</key>
				<string>main.cpp</string>
				<key>path</key>
				<string>src/main.cpp</string>
				<key>sourceTree</key>
				<string>SOURCE_ROOT</string>
			</dict>
			<key>E4B69E1E0A3A1BDC003C02F2</key>
			<dict>
				<key>explicitFileType</key>
				<string>sourcecode.cpp.cpp</string>
				<key>fileEncoding</key>
				<string>30</string>
				<key>isa</key>
				<string>PBXFileReference</string>
				<key>name</key>
				<string>testApp.cpp</string>
				<key>path</key>
				<string>src/testApp.cpp</string>
				<key>sourceTree</key>
				<string>SOURCE_ROOT</string>
			</dict>
			<key>E4B69E1F0A3A1BDC003C02F2</key>
			<dict>
				<key>fileEncoding</key>
				<string>30</string>
				<key>isa</key>
				<string>PBXFileReference</string>
				<key>lastKnownFileType</key>
				<string>sourcecode.c.h</string>
				<key>name</key>
				<string>testApp.h</string>
				<key>path</key>
				<string>src/testApp.h</string>
				<key>sourceTree</key>
				<string>SOURCE_ROOT</string>
			</dict>
			<key>E4B69E200A3A1BDC003C02F2</key>
			<dict>
				<key>fileRef</key>
				<string>E4B69E1D0A3A1BDC003C02F2</string>
				<key>isa</key>
				<string>PBXBuildFile</string>
			</dict>
			<key>E4B69E210A3A1BDC003C02F2</key>
			<dict>
				<key>fileRef</key>
				<string>E4B69E1E0A3A1BDC003C02F2</string>
				<key>isa</key>
				<string>PBXBuildFile</string>
			</dict>
			<key>E4B6FCAD0C3E899E008CF71C</key>
			<dict>
				<key>fileEncoding</key>
				<string>30</string>
				<key>isa</key>
				<string>PBXFileReference</string>
				<key>lastKnownFileType</key>
				<string>text.plist.xml</string>
				<key>path</key>
				<string>openFrameworks-Info.plist</string>
				<key>sourceTree</key>
				<string>&lt;group&gt;</string>
			</dict>
			<key>E4B6FFFD0C3F9AB9008CF71C</key>
			<dict>
				<key>buildActionMask</key>
				<string>2147483647</string>
				<key>files</key>
				<array />
				<key>inputPaths</key>
				<array />
				<key>isa</key>
				<string>PBXShellScriptBuildPhase</string>
				<key>outputPaths</key>
				<array />
				<key>runOnlyForDeploymentPostprocessing</key>
				<string>0</string>
				<key>shellPath</key>
				<string>/bin/sh</string>
				<key>shellScript</key>
				<string>cp -f ../../../libs/fmodex/lib/osx/libfmodex.dylib "$TARGET_BUILD_DIR/$PRODUCT_NAME.app/Contents/MacOS/libfmodex.dylib"; install_name_tool -change ./libfmodex.dylib @executable_path/libfmodex.dylib "$TARGET_BUILD_DIR/$PRODUCT_NAME.app/Contents/MacOS/$PRODUCT_NAME";
mkdir -p "$TARGET_BUILD_DIR/$PRODUCT_NAME.app/Contents/Resources/"
cp -f "$ICON_FILE" "$TARGET_BUILD_DIR/$PRODUCT_NAME.app/Contents/Resources/"
</string>
			</dict>
			<key>E4C2424410CC5A17004149E2</key>
			<dict>
				<key>isa</key>
				<string>PBXFileReference</string>
				<key>lastKnownFileType</key>
				<string>wrapper.framework</string>
				<key>name</key>
				<string>AppKit.framework</string>
				<key>path</key>
				<string>/System/Library/Frameworks/AppKit.framework</string>
				<key>sourceTree</key>
				<string>&lt;absolute&gt;</string>
			</dict>
			<key>E4C2424510CC5A17004149E2</key>
			<dict>
				<key>isa</key>
				<string>PBXFileReference</string>
				<key>lastKnownFileType</key>
				<string>wrapper.framework</string>
				<key>name</key>
				<string>Cocoa.framework</string>
				<key>path</key>
				<string>/System/Library/Frameworks/Cocoa.framework</string>
				<key>sourceTree</key>
				<string>&lt;absolute&gt;</string>
			</dict>
			<key>E4C2424610CC5A17004149E2</key>
			<dict>
				<key>isa</key>
				<string>PBXFileReference</string>
				<key>lastKnownFileType</key>
				<string>wrapper.framework</string>
				<key>name</key>
				<string>IOKit.framework</string>
				<key>path</key>
				<string>/System/Library/Frameworks/IOKit.framework</string>
				<key>sourceTree</key>
				<string>&lt;absolute&gt;</string>
			</dict>
			<key>E4C2424710CC5A17004149E2</key>
			<dict>
				<key>fileRef</key>
				<string>E4C2424410CC5A17004149E2</string>
				<key>isa</key>
				<string>PBXBuildFile</string>
			</dict>
			<key>E4C2424810CC5A17004149E2</key>
			<dict>
				<key>fileRef</key>
				<string>E4C2424510CC5A17004149E2</string>
				<key>isa</key>
				<string>PBXBuildFile</string>
			</dict>
			<key>E4C2424910CC5A17004149E2</key>
			<dict>
				<key>fileRef</key>
				<string>E4C2424610CC5A17004149E2</string>
				<key>isa</key>
				<string>PBXBuildFile</string>
			</dict>
			<key>E4C2427710CC5ABF004149E2</key>
			<dict>
				<key>buildActionMask</key>
				<string>2147483647</string>
				<key>dstPath</key>
				<string />
				<key>dstSubfolderSpec</key>
				<string>10</string>
				<key>files</key>
				<array>
					<string>BBAB23CB13894F3D00AA2426</string>
				</array>
				<key>isa</key>
				<string>PBXCopyFilesBuildPhase</string>
				<key>runOnlyForDeploymentPostprocessing</key>
				<string>0</string>
			</dict>
			<key>E4EB6799138ADC1D00A09F29</key>
			<dict>
				<key>fileRef</key>
				<string>BBAB23BE13894E4700AA2426</string>
				<key>isa</key>
				<string>PBXBuildFile</string>
			</dict>
			<key>E4EB691F138AFCF100A09F29</key>
			<dict>
				<key>fileEncoding</key>
				<string>4</string>
				<key>isa</key>
				<string>PBXFileReference</string>
				<key>lastKnownFileType</key>
				<string>text.xcconfig</string>
				<key>name</key>
				<string>CoreOF.xcconfig</string>
				<key>path</key>
				<string>../../../libs/openFrameworksCompiled/project/osx/CoreOF.xcconfig</string>
				<key>sourceTree</key>
				<string>SOURCE_ROOT</string>
			</dict>
			<key>E4EB6923138AFD0F00A09F29</key>
			<dict>
				<key>fileEncoding</key>
				<string>4</string>
				<key>isa</key>
				<string>PBXFileReference</string>
				<key>lastKnownFileType</key>
				<string>text.xcconfig</string>
				<key>path</key>
				<string>Project.xcconfig</string>
				<key>sourceTree</key>
				<string>&lt;group&gt;</string>
			</dict>
			<key>E4EEB9AB138B136A00A80321</key>
			<dict>
				<key>containerPortal</key>
				<string>E4328143138ABC890047C5CB</string>
				<key>isa</key>
				<string>PBXContainerItemProxy</string>
				<key>proxyType</key>
				<string>1</string>
				<key>remoteGlobalIDString</key>
				<string>E4B27C1410CBEB8E00536013</string>
				<key>remoteInfo</key>
				<string>openFrameworks</string>
			</dict>
			<key>E4EEB9AC138B136A00A80321</key>
			<dict>
				<key>isa</key>
				<string>PBXTargetDependency</string>
				<key>name</key>
				<string>openFrameworks</string>
				<key>targetProxy</key>
				<string>E4EEB9AB138B136A00A80321</string>
			</dict>
			<key>E4EEC9E9138DF44700A80321</key>
			<dict>
				<key>children</key>
				<array>
					<string>E4EB691F138AFCF100A09F29</string>
					<string>E4328143138ABC890047C5CB</string>
				</array>
				<key>isa</key>
				<string>PBXGroup</string>
				<key>name</key>
				<string>openFrameworks</string>
				<key>sourceTree</key>
				<string>&lt;group&gt;</string>
			</dict>
			<key>E7E077E415D3B63C0020DFD4</key>
			<dict>
				<key>isa</key>
				<string>PBXFileReference</string>
				<key>lastKnownFileType</key>
				<string>wrapper.framework</string>
				<key>name</key>
				<string>CoreVideo.framework</string>
				<key>path</key>
				<string>/System/Library/Frameworks/CoreVideo.framework</string>
				<key>sourceTree</key>
				<string>&lt;absolute&gt;</string>
			</dict>
			<key>E7E077E515D3B63C0020DFD4</key>
			<dict>
				<key>fileRef</key>
				<string>E7E077E415D3B63C0020DFD4</string>
				<key>isa</key>
				<string>PBXBuildFile</string>
			</dict>
			<key>E7E077E715D3B6510020DFD4</key>
			<dict>
				<key>isa</key>
				<string>PBXFileReference</string>
				<key>lastKnownFileType</key>
				<string>wrapper.framework</string>
				<key>name</key>
				<string>QTKit.framework</string>
				<key>path</key>
				<string>/System/Library/Frameworks/QTKit.framework</string>
				<key>sourceTree</key>
				<string>&lt;absolute&gt;</string>
			</dict>
			<key>E7E077E815D3B6510020DFD4</key>
			<dict>
				<key>fileRef</key>
				<string>E7E077E715D3B6510020DFD4</string>
				<key>isa</key>
				<string>PBXBuildFile</string>
			</dict>
			<key>E7F985F515E0DE99003869B5</key>
			<dict>
				<key>isa</key>
				<string>PBXFileReference</string>
				<key>lastKnownFileType</key>
				<string>wrapper.framework</string>
				<key>name</key>
				<string>Accelerate.framework</string>
				<key>path</key>
				<string>/System/Library/Frameworks/Accelerate.framework</string>
				<key>sourceTree</key>
				<string>&lt;absolute&gt;</string>
			</dict>
			<key>E7F985F815E0DEA3003869B5</key>
			<dict>
				<key>fileRef</key>
				<string>E7F985F515E0DE99003869B5</string>
				<key>isa</key>
				<string>PBXBuildFile</string>
			</dict>
		</dict>
		<key>rootObject</key>
		<string>E4B69B4C0A3A1720003C02F2</string>
	</dict>
</plist>
